# This file is automatically @generated by Cargo.
# It is not intended for manual editing.
version = 3

[[package]]
name = "bf-procedural"
version = "0.1.0"
dependencies = [
 "brainfuck",
 "brainfuck-macro",
]

[[package]]
name = "brainfuck"
version = "0.1.0"

[[package]]
name = "brainfuck-macro"
version = "0.1.0"
dependencies = [
 "brainfuck",
]
